
Microsoft Visual Studio Solution File, Format Version 12.00
# Visual Studio Version 16
VisualStudioVersion = 16.0.29709.97
MinimumVisualStudioVersion = 10.0.40219.1
Project("{FAE04EC0-301F-11D3-BF4B-00C04F79EFBC}") = "YourNewCanadian", "YourNewCanadian.csproj", "{30C4D61C-AA7F-4366-88DD-72CA2C80D80D}"
EndProject
Global
	GlobalSection(SolutionConfigurationPlatforms) = preSolution
		Debug|Any CPU = Debug|Any CPU
		Release|Any CPU = Release|Any CPU
	EndGlobalSection
	GlobalSection(ProjectConfigurationPlatforms) = postSolution
		{30C4D61C-AA7F-4366-88DD-72CA2C80D80D}.Debug|Any CPU.ActiveCfg = Debug|Any CPU
		{30C4D61C-AA7F-4366-88DD-72CA2C80D80D}.Debug|Any CPU.Build.0 = Debug|Any CPU
		{30C4D61C-AA7F-4366-88DD-72CA2C80D80D}.Release|Any CPU.ActiveCfg = Release|Any CPU
		{30C4D61C-AA7F-4366-88DD-72CA2C80D80D}.Release|Any CPU.Build.0 = Release|Any CPU
	EndGlobalSection
	GlobalSection(SolutionProperties) = preSolution
		HideSolutionNode = FALSE
	EndGlobalSection
	GlobalSection(ExtensibilityGlobals) = postSolution
		SolutionGuid = {E1192B67-410B-4F91-82D8-3DA5E5EB90A3}
	EndGlobalSection
EndGlobal
